
Microsoft Visual Studio Solution File, Format Version 12.00
# Visual Studio Version 17
VisualStudioVersion = 17.0.31903.59
MinimumVisualStudioVersion = 10.0.40219.1
Project("{2150E333-8FDC-42A3-9474-1A3956D46DE8}") = "src", "src", "{23AE178B-EDAD-45F7-A28C-4A08B7BA22BE}"
EndProject
Project("{FAE04EC0-301F-11D3-BF4B-00C04F79EFBC}") = "FactoryMethod", "src\factory\FactoryMethod.csproj", "{492B4BE9-4A45-4EC1-A34D-6AD0218253DE}"
EndProject
Project("{FAE04EC0-301F-11D3-BF4B-00C04F79EFBC}") = "AbstractFactory", "src\abstract-factory\AbstractFactory.csproj", "{562E32F4-5539-4FF7-9C08-1B49C35897CA}"
EndProject
Project("{FAE04EC0-301F-11D3-BF4B-00C04F79EFBC}") = "Builder", "src\builder\Builder.csproj", "{0CADDBB1-8EC2-46C5-B6D0-A0CAECB9A0E1}"
EndProject
Project("{FAE04EC0-301F-11D3-BF4B-00C04F79EFBC}") = "Adapter", "src\adapter\Adapter.csproj", "{D971C5DF-B326-49CC-B1BD-81ACD3C70582}"
EndProject
Project("{FAE04EC0-301F-11D3-BF4B-00C04F79EFBC}") = "Bridge", "src\bridge\Bridge.csproj", "{EA53C22B-F761-4B5D-8EE0-C6A79F4611D2}"
EndProject
Global
	GlobalSection(SolutionConfigurationPlatforms) = preSolution
		Debug|Any CPU = Debug|Any CPU
		Release|Any CPU = Release|Any CPU
	EndGlobalSection
	GlobalSection(SolutionProperties) = preSolution
		HideSolutionNode = FALSE
	EndGlobalSection
	GlobalSection(ProjectConfigurationPlatforms) = postSolution
		{492B4BE9-4A45-4EC1-A34D-6AD0218253DE}.Debug|Any CPU.ActiveCfg = Debug|Any CPU
		{492B4BE9-4A45-4EC1-A34D-6AD0218253DE}.Debug|Any CPU.Build.0 = Debug|Any CPU
		{492B4BE9-4A45-4EC1-A34D-6AD0218253DE}.Release|Any CPU.ActiveCfg = Release|Any CPU
		{492B4BE9-4A45-4EC1-A34D-6AD0218253DE}.Release|Any CPU.Build.0 = Release|Any CPU
		{562E32F4-5539-4FF7-9C08-1B49C35897CA}.Debug|Any CPU.ActiveCfg = Debug|Any CPU
		{562E32F4-5539-4FF7-9C08-1B49C35897CA}.Debug|Any CPU.Build.0 = Debug|Any CPU
		{562E32F4-5539-4FF7-9C08-1B49C35897CA}.Release|Any CPU.ActiveCfg = Release|Any CPU
		{562E32F4-5539-4FF7-9C08-1B49C35897CA}.Release|Any CPU.Build.0 = Release|Any CPU
		{0CADDBB1-8EC2-46C5-B6D0-A0CAECB9A0E1}.Debug|Any CPU.ActiveCfg = Debug|Any CPU
		{0CADDBB1-8EC2-46C5-B6D0-A0CAECB9A0E1}.Debug|Any CPU.Build.0 = Debug|Any CPU
		{0CADDBB1-8EC2-46C5-B6D0-A0CAECB9A0E1}.Release|Any CPU.ActiveCfg = Release|Any CPU
		{0CADDBB1-8EC2-46C5-B6D0-A0CAECB9A0E1}.Release|Any CPU.Build.0 = Release|Any CPU
		{D971C5DF-B326-49CC-B1BD-81ACD3C70582}.Debug|Any CPU.ActiveCfg = Debug|Any CPU
		{D971C5DF-B326-49CC-B1BD-81ACD3C70582}.Debug|Any CPU.Build.0 = Debug|Any CPU
		{D971C5DF-B326-49CC-B1BD-81ACD3C70582}.Release|Any CPU.ActiveCfg = Release|Any CPU
		{D971C5DF-B326-49CC-B1BD-81ACD3C70582}.Release|Any CPU.Build.0 = Release|Any CPU
		{EA53C22B-F761-4B5D-8EE0-C6A79F4611D2}.Debug|Any CPU.ActiveCfg = Debug|Any CPU
		{EA53C22B-F761-4B5D-8EE0-C6A79F4611D2}.Debug|Any CPU.Build.0 = Debug|Any CPU
		{EA53C22B-F761-4B5D-8EE0-C6A79F4611D2}.Release|Any CPU.ActiveCfg = Release|Any CPU
		{EA53C22B-F761-4B5D-8EE0-C6A79F4611D2}.Release|Any CPU.Build.0 = Release|Any CPU
	EndGlobalSection
	GlobalSection(NestedProjects) = preSolution
		{492B4BE9-4A45-4EC1-A34D-6AD0218253DE} = {23AE178B-EDAD-45F7-A28C-4A08B7BA22BE}
		{562E32F4-5539-4FF7-9C08-1B49C35897CA} = {23AE178B-EDAD-45F7-A28C-4A08B7BA22BE}
		{0CADDBB1-8EC2-46C5-B6D0-A0CAECB9A0E1} = {23AE178B-EDAD-45F7-A28C-4A08B7BA22BE}
		{D971C5DF-B326-49CC-B1BD-81ACD3C70582} = {23AE178B-EDAD-45F7-A28C-4A08B7BA22BE}
		{EA53C22B-F761-4B5D-8EE0-C6A79F4611D2} = {23AE178B-EDAD-45F7-A28C-4A08B7BA22BE}
	EndGlobalSection
EndGlobal
